
Microsoft Visual Studio Solution File, Format Version 12.00
# Visual Studio Version 17
VisualStudioVersion = 17.0.32014.148
MinimumVisualStudioVersion = 10.0.40219.1
Project("{9A19103F-16F7-4668-BE54-9A1E7A4F7556}") = "HttpArchivesService", "HttpArchivesService\HttpArchivesService.csproj", "{94868A76-3870-4C9B-A574-1C5B6C4803FD}"
EndProject
Global
	GlobalSection(SolutionConfigurationPlatforms) = preSolution
		Debug|Any CPU = Debug|Any CPU
		Release|Any CPU = Release|Any CPU
	EndGlobalSection
	GlobalSection(ProjectConfigurationPlatforms) = postSolution
		{94868A76-3870-4C9B-A574-1C5B6C4803FD}.Debug|Any CPU.ActiveCfg = Debug|Any CPU
		{94868A76-3870-4C9B-A574-1C5B6C4803FD}.Debug|Any CPU.Build.0 = Debug|Any CPU
		{94868A76-3870-4C9B-A574-1C5B6C4803FD}.Release|Any CPU.ActiveCfg = Release|Any CPU
		{94868A76-3870-4C9B-A574-1C5B6C4803FD}.Release|Any CPU.Build.0 = Release|Any CPU
	EndGlobalSection
	GlobalSection(SolutionProperties) = preSolution
		HideSolutionNode = FALSE
	EndGlobalSection
	GlobalSection(ExtensibilityGlobals) = postSolution
		SolutionGuid = {179BBD73-EBE0-4292-9B30-63797BAC63A2}
	EndGlobalSection
EndGlobal
